<Solution>
  <Project Path="ConsoleApp1/Task4.csproj" Id="7ad58a27-7d59-47e6-a650-84470da17cec" />
  <Project Path="Task1/Task1.csproj" />
  <Project Path="Task2/Task2.csproj" Id="917a684e-e09f-4f8d-b3fa-69a2ff58ae0e" />
  <Project Path="Task3/Task3.csproj" Id="7eba9fe7-2457-4761-82da-dfdf53b3aa3b" />
</Solution>
